
Microsoft Visual Studio Solution File, Format Version 12.00
# Visual Studio 15
VisualStudioVersion = 15.0.26730.15
MinimumVisualStudioVersion = 10.0.40219.1
Project("{FAE04EC0-301F-11D3-BF4B-00C04F79EFBC}") = "Main", "Main\Main.csproj", "{9DCFF205-6B31-43AE-B8A3-53FEA9DCCF1A}"
EndProject
Project("{FAE04EC0-301F-11D3-BF4B-00C04F79EFBC}") = "GRad", "GRad\GRad.csproj", "{C0AE5017-7235-4C54-9F70-4FD2DE4E56DC}"
EndProject
Global
	GlobalSection(SolutionConfigurationPlatforms) = preSolution
		Debug|Any CPU = Debug|Any CPU
		Release|Any CPU = Release|Any CPU
	EndGlobalSection
	GlobalSection(ProjectConfigurationPlatforms) = postSolution
		{9DCFF205-6B31-43AE-B8A3-53FEA9DCCF1A}.Debug|Any CPU.ActiveCfg = Debug|Any CPU
		{9DCFF205-6B31-43AE-B8A3-53FEA9DCCF1A}.Debug|Any CPU.Build.0 = Debug|Any CPU
		{9DCFF205-6B31-43AE-B8A3-53FEA9DCCF1A}.Release|Any CPU.ActiveCfg = Release|Any CPU
		{9DCFF205-6B31-43AE-B8A3-53FEA9DCCF1A}.Release|Any CPU.Build.0 = Release|Any CPU
		{C0AE5017-7235-4C54-9F70-4FD2DE4E56DC}.Debug|Any CPU.ActiveCfg = Debug|Any CPU
		{C0AE5017-7235-4C54-9F70-4FD2DE4E56DC}.Debug|Any CPU.Build.0 = Debug|Any CPU
		{C0AE5017-7235-4C54-9F70-4FD2DE4E56DC}.Release|Any CPU.ActiveCfg = Release|Any CPU
		{C0AE5017-7235-4C54-9F70-4FD2DE4E56DC}.Release|Any CPU.Build.0 = Release|Any CPU
	EndGlobalSection
	GlobalSection(SolutionProperties) = preSolution
		HideSolutionNode = FALSE
	EndGlobalSection
	GlobalSection(ExtensibilityGlobals) = postSolution
		SolutionGuid = {CEF6AECA-A4DA-49CF-9034-0F75B213EA46}
	EndGlobalSection
EndGlobal
